
Microsoft Visual Studio Solution File, Format Version 12.00
# Visual Studio Version 17
VisualStudioVersion = 17.0.31903.59
MinimumVisualStudioVersion = 10.0.40219.1
Project("{FAE04EC0-301F-11D3-BF4B-00C04F79EFBC}") = "API", "API\API.csproj", "{4BFDFB45-672A-4025-B824-7D59CE51F6C0}"
EndProject
Project("{FAE04EC0-301F-11D3-BF4B-00C04F79EFBC}") = "Core", "Core\Core.csproj", "{BCCA6F0C-07C2-4A62-BA05-9B9C79B144EA}"
EndProject
Project("{FAE04EC0-301F-11D3-BF4B-00C04F79EFBC}") = "Infrastructure", "Infrastructure\Infrastructure.csproj", "{00794D6A-5EA3-4524-B1DC-5767CA1E5FE8}"
EndProject
Global
	GlobalSection(SolutionConfigurationPlatforms) = preSolution
		Debug|Any CPU = Debug|Any CPU
		Release|Any CPU = Release|Any CPU
	EndGlobalSection
	GlobalSection(SolutionProperties) = preSolution
		HideSolutionNode = FALSE
	EndGlobalSection
	GlobalSection(ProjectConfigurationPlatforms) = postSolution
		{4BFDFB45-672A-4025-B824-7D59CE51F6C0}.Debug|Any CPU.ActiveCfg = Debug|Any CPU
		{4BFDFB45-672A-4025-B824-7D59CE51F6C0}.Debug|Any CPU.Build.0 = Debug|Any CPU
		{4BFDFB45-672A-4025-B824-7D59CE51F6C0}.Release|Any CPU.ActiveCfg = Release|Any CPU
		{4BFDFB45-672A-4025-B824-7D59CE51F6C0}.Release|Any CPU.Build.0 = Release|Any CPU
		{BCCA6F0C-07C2-4A62-BA05-9B9C79B144EA}.Debug|Any CPU.ActiveCfg = Debug|Any CPU
		{BCCA6F0C-07C2-4A62-BA05-9B9C79B144EA}.Debug|Any CPU.Build.0 = Debug|Any CPU
		{BCCA6F0C-07C2-4A62-BA05-9B9C79B144EA}.Release|Any CPU.ActiveCfg = Release|Any CPU
		{BCCA6F0C-07C2-4A62-BA05-9B9C79B144EA}.Release|Any CPU.Build.0 = Release|Any CPU
		{00794D6A-5EA3-4524-B1DC-5767CA1E5FE8}.Debug|Any CPU.ActiveCfg = Debug|Any CPU
		{00794D6A-5EA3-4524-B1DC-5767CA1E5FE8}.Debug|Any CPU.Build.0 = Debug|Any CPU
		{00794D6A-5EA3-4524-B1DC-5767CA1E5FE8}.Release|Any CPU.ActiveCfg = Release|Any CPU
		{00794D6A-5EA3-4524-B1DC-5767CA1E5FE8}.Release|Any CPU.Build.0 = Release|Any CPU
	EndGlobalSection
EndGlobal
